
Microsoft Visual Studio Solution File, Format Version 12.00
# Visual Studio Version 16
VisualStudioVersion = 16.0.31112.23
MinimumVisualStudioVersion = 10.0.40219.1
Project("{FAE04EC0-301F-11D3-BF4B-00C04F79EFBC}") = "Algodat", "Algodat\Algodat.csproj", "{FA031724-5043-4559-ABC6-6E011845E720}"
EndProject
Project("{FAE04EC0-301F-11D3-BF4B-00C04F79EFBC}") = "Algodat.Test", "Algodat.Test\Algodat.Test.csproj", "{FB15516B-838A-4867-BC48-7648FAD82F74}"
EndProject
Project("{2150E333-8FDC-42A3-9474-1A3956D46DE8}") = "Solution Items", "Solution Items", "{E4A5B3AC-B3A3-4BF7-8610-0E9DF9ABC65A}"
	ProjectSection(SolutionItems) = preProject
		.gitignore = .gitignore
		README.md = README.md
	EndProjectSection
EndProject
Global
	GlobalSection(SolutionConfigurationPlatforms) = preSolution
		Debug|Any CPU = Debug|Any CPU
		Release|Any CPU = Release|Any CPU
	EndGlobalSection
	GlobalSection(ProjectConfigurationPlatforms) = postSolution
		{FA031724-5043-4559-ABC6-6E011845E720}.Debug|Any CPU.ActiveCfg = Debug|Any CPU
		{FA031724-5043-4559-ABC6-6E011845E720}.Debug|Any CPU.Build.0 = Debug|Any CPU
		{FA031724-5043-4559-ABC6-6E011845E720}.Release|Any CPU.ActiveCfg = Release|Any CPU
		{FA031724-5043-4559-ABC6-6E011845E720}.Release|Any CPU.Build.0 = Release|Any CPU
		{FB15516B-838A-4867-BC48-7648FAD82F74}.Debug|Any CPU.ActiveCfg = Debug|Any CPU
		{FB15516B-838A-4867-BC48-7648FAD82F74}.Debug|Any CPU.Build.0 = Debug|Any CPU
		{FB15516B-838A-4867-BC48-7648FAD82F74}.Release|Any CPU.ActiveCfg = Release|Any CPU
		{FB15516B-838A-4867-BC48-7648FAD82F74}.Release|Any CPU.Build.0 = Release|Any CPU
	EndGlobalSection
	GlobalSection(SolutionProperties) = preSolution
		HideSolutionNode = FALSE
	EndGlobalSection
	GlobalSection(ExtensibilityGlobals) = postSolution
		SolutionGuid = {0576E824-52CE-40DC-935A-F43CF7F40700}
	EndGlobalSection
EndGlobal
